
Microsoft Visual Studio Solution File, Format Version 12.00
# Visual Studio Version 16
VisualStudioVersion = 16.0.31829.152
MinimumVisualStudioVersion = 10.0.40219.1
Project("{FAE04EC0-301F-11D3-BF4B-00C04F79EFBC}") = "Warehouse1", "Warehouse1\Warehouse1.csproj", "{4AF4B755-D87D-4DBC-B755-63D3F7D39769}"
EndProject
Project("{54435603-DBB4-11D2-8724-00A0C9A8B90C}") = "Setup2", "Setup2\Setup2.vdproj", "{D6DD4770-9654-4D9B-9147-9C07AC280D1D}"
EndProject
Global
	GlobalSection(SolutionConfigurationPlatforms) = preSolution
		Debug|Any CPU = Debug|Any CPU
		Release|Any CPU = Release|Any CPU
	EndGlobalSection
	GlobalSection(ProjectConfigurationPlatforms) = postSolution
		{4AF4B755-D87D-4DBC-B755-63D3F7D39769}.Debug|Any CPU.ActiveCfg = Debug|Any CPU
		{4AF4B755-D87D-4DBC-B755-63D3F7D39769}.Debug|Any CPU.Build.0 = Debug|Any CPU
		{4AF4B755-D87D-4DBC-B755-63D3F7D39769}.Release|Any CPU.ActiveCfg = Release|Any CPU
		{4AF4B755-D87D-4DBC-B755-63D3F7D39769}.Release|Any CPU.Build.0 = Release|Any CPU
		{D6DD4770-9654-4D9B-9147-9C07AC280D1D}.Debug|Any CPU.ActiveCfg = Debug
		{D6DD4770-9654-4D9B-9147-9C07AC280D1D}.Release|Any CPU.ActiveCfg = Release
	EndGlobalSection
	GlobalSection(SolutionProperties) = preSolution
		HideSolutionNode = FALSE
	EndGlobalSection
	GlobalSection(ExtensibilityGlobals) = postSolution
		SolutionGuid = {F4AACAD5-F5A4-494D-8863-763BD439B7F6}
	EndGlobalSection
EndGlobal
